
Microsoft Visual Studio Solution File, Format Version 12.00
# Visual Studio Version 17
VisualStudioVersion = 17.3.32901.215
MinimumVisualStudioVersion = 10.0.40219.1
Project("{FAE04EC0-301F-11D3-BF4B-00C04F79EFBC}") = "Pro3", "Pro3\Pro3.csproj", "{4A49FAB3-4577-48F5-97F0-B56467539CF5}"
EndProject
Global
	GlobalSection(SolutionConfigurationPlatforms) = preSolution
		Debug|Any CPU = Debug|Any CPU
		Release|Any CPU = Release|Any CPU
	EndGlobalSection
	GlobalSection(ProjectConfigurationPlatforms) = postSolution
		{4A49FAB3-4577-48F5-97F0-B56467539CF5}.Debug|Any CPU.ActiveCfg = Debug|Any CPU
		{4A49FAB3-4577-48F5-97F0-B56467539CF5}.Debug|Any CPU.Build.0 = Debug|Any CPU
		{4A49FAB3-4577-48F5-97F0-B56467539CF5}.Release|Any CPU.ActiveCfg = Release|Any CPU
		{4A49FAB3-4577-48F5-97F0-B56467539CF5}.Release|Any CPU.Build.0 = Release|Any CPU
	EndGlobalSection
	GlobalSection(SolutionProperties) = preSolution
		HideSolutionNode = FALSE
	EndGlobalSection
	GlobalSection(ExtensibilityGlobals) = postSolution
		SolutionGuid = {A585B8E8-393F-4E48-AB79-7E6FEB6CAD76}
	EndGlobalSection
EndGlobal
